
Microsoft Visual Studio Solution File, Format Version 12.00
# Visual Studio Version 16
VisualStudioVersion = 16.0.31313.79
MinimumVisualStudioVersion = 10.0.40219.1
Project("{8BC9CEB8-8B4A-11D0-8D11-00A0C91BC942}") = "Hades-Extender", "Hades-Extender\Hades-Extender.vcxproj", "{256B152C-5694-461C-A3EC-BB4E7AAD474D}"
EndProject
Global
	GlobalSection(SolutionConfigurationPlatforms) = preSolution
		Debug|x64 = Debug|x64
		Debug|x86 = Debug|x86
		Release|x64 = Release|x64
		Release|x86 = Release|x86
	EndGlobalSection
	GlobalSection(ProjectConfigurationPlatforms) = postSolution
		{256B152C-5694-461C-A3EC-BB4E7AAD474D}.Debug|x64.ActiveCfg = Debug|x64
		{256B152C-5694-461C-A3EC-BB4E7AAD474D}.Debug|x64.Build.0 = Debug|x64
		{256B152C-5694-461C-A3EC-BB4E7AAD474D}.Debug|x86.ActiveCfg = Debug|Win32
		{256B152C-5694-461C-A3EC-BB4E7AAD474D}.Debug|x86.Build.0 = Debug|Win32
		{256B152C-5694-461C-A3EC-BB4E7AAD474D}.Release|x64.ActiveCfg = Release|x64
		{256B152C-5694-461C-A3EC-BB4E7AAD474D}.Release|x64.Build.0 = Release|x64
		{256B152C-5694-461C-A3EC-BB4E7AAD474D}.Release|x86.ActiveCfg = Release|Win32
		{256B152C-5694-461C-A3EC-BB4E7AAD474D}.Release|x86.Build.0 = Release|Win32
	EndGlobalSection
	GlobalSection(SolutionProperties) = preSolution
		HideSolutionNode = FALSE
	EndGlobalSection
	GlobalSection(ExtensibilityGlobals) = postSolution
		SolutionGuid = {3178973B-9A10-4841-9862-C8F9678F95BB}
	EndGlobalSection
EndGlobal
